{
  "version": "4",
  "specifiers": {
    "jsr:@std/assert@^1.0.10": "1.0.10",
    "jsr:@std/expect@*": "1.0.10",
    "jsr:@std/internal@^1.0.5": "1.0.5",
    "jsr:@std/testing@*": "1.0.8"
  },
  "jsr": {
    "@std/assert@1.0.10": {
      "integrity": "59b5cbac5bd55459a19045d95cc7c2ff787b4f8527c0dd195078ff6f9481fbb3",
      "dependencies": [
        "jsr:@std/internal"
      ]
    },
    "@std/expect@1.0.10": {
      "integrity": "7659b640447887cd1735f866962e10e434f12443b13595b149970c806e6f08db",
      "dependencies": [
        "jsr:@std/assert",
        "jsr:@std/internal"
      ]
    },
    "@std/internal@1.0.5": {
      "integrity": "54a546004f769c1ac9e025abd15a76b6671ddc9687e2313b67376125650dc7ba"
    },
    "@std/testing@1.0.8": {
      "integrity": "ceef535808fb7568e91b0f8263599bd29b1c5603ffb0377227f00a8ca9fe42a2",
      "dependencies": [
        "jsr:@std/assert",
        "jsr:@std/internal"
      ]
    }
  },
  "workspace": {
    "packageJson": {
      "dependencies": [
        "npm:@ardatan/node-libcurl@4.0.4",
        "npm:@babel/core@7.26.0",
        "npm:@babel/plugin-proposal-class-properties@7.18.6",
        "npm:@babel/plugin-proposal-explicit-resource-management@7.25.9",
        "npm:@babel/preset-env@7.26.0",
        "npm:@babel/preset-typescript@7.26.0",
        "npm:@changesets/changelog-github@0.5.0",
        "npm:@changesets/cli@2.27.11",
        "npm:@jest/globals@29.7.0",
        "npm:@theguild/prettier-config@3.0.0",
        "npm:@types/deno@2.0.0",
        "npm:@types/node@22.10.5",
        "npm:@types/react-dom@19.0.2",
        "npm:@types/react@19.0.2",
        "npm:@typescript-eslint/eslint-plugin@8.19.0",
        "npm:@typescript-eslint/parser@8.19.0",
        "npm:babel-jest@29.7.0",
        "npm:bob-the-bundler@7.0.1",
        "npm:bun@1.1.42",
        "npm:cross-env@7.0.3",
        "npm:eslint-config-prettier@9.1.0",
        "npm:eslint-config-standard@17.1.0",
        "npm:eslint-plugin-import@2.31.0",
        "npm:eslint-plugin-n@17.15.1",
        "npm:eslint-plugin-promise@7.2.1",
        "npm:eslint-plugin-standard@5.0.0",
        "npm:eslint@9.17.0",
        "npm:husky@9.1.7",
        "npm:jest@29.7.0",
        "npm:lint-staged@15.3.0",
        "npm:patch-package@8.0.0",
        "npm:prettier@3.4.2",
        "npm:rimraf@6.0.1",
        "npm:ts-jest@29.2.5",
        "npm:typescript@5.7.2"
      ]
    },
    "members": {
      "benchmarks/node-fetch": {
        "packageJson": {
          "dependencies": [
            "npm:@types/k6@0.54",
            "npm:tsx@^4.7.1"
          ]
        }
      },
      "benchmarks/server": {
        "packageJson": {
          "dependencies": [
            "npm:@whatwg-node/server@0.9.65",
            "npm:start-server-and-test@2.0.9"
          ]
        }
      },
      "e2e/aws-lambda": {
        "packageJson": {
          "dependencies": [
            "npm:@e2e/shared-scripts@0.0.0",
            "npm:@pulumi/aws@6.66.2",
            "npm:@pulumi/awsx@0.40.1",
            "npm:@pulumi/pulumi@3.144.1",
            "npm:@types/aws-lambda@8.10.147",
            "npm:@whatwg-node/fetch@0.10.1",
            "npm:aws-lambda@1.0.7",
            "npm:esbuild@0.24.2",
            "npm:ts-node@10.9.2",
            "npm:tsconfig-paths@4.2.0",
            "npm:typescript@5.7.2"
          ]
        }
      },
      "e2e/azure-function": {
        "packageJson": {
          "dependencies": [
            "npm:@azure/functions@^4.1.0",
            "npm:@e2e/shared-scripts@0.0.0",
            "npm:@pulumi/azure-native@2.80.0",
            "npm:@pulumi/pulumi@3.144.1",
            "npm:esbuild@0.24.2",
            "npm:ts-node@10.9.2",
            "npm:tsconfig-paths@4.2.0",
            "npm:tslib@^2.6.3",
            "npm:typescript@5.7.2"
          ]
        }
      },
      "e2e/cloudflare-modules": {
        "packageJson": {
          "dependencies": [
            "npm:@e2e/shared-scripts@0.0.0",
            "npm:@pulumi/cloudflare@4.16.0",
            "npm:@pulumi/pulumi@3.144.1",
            "npm:ts-node@10.9.2",
            "npm:tsconfig-paths@4.2.0",
            "npm:typescript@5.7.2",
            "npm:wrangler@3.99.0"
          ]
        }
      },
      "e2e/cloudflare-workers": {
        "packageJson": {
          "dependencies": [
            "npm:@e2e/shared-scripts@0.0.0",
            "npm:@pulumi/cloudflare@4.16.0",
            "npm:@pulumi/pulumi@3.144.1",
            "npm:ts-node@10.9.2",
            "npm:tsconfig-paths@4.2.0",
            "npm:typescript@5.7.2",
            "npm:wrangler@3.99.0"
          ]
        }
      },
      "e2e/shared-scripts": {
        "packageJson": {
          "dependencies": [
            "npm:@pulumi/pulumi@3.144.1",
            "npm:@types/node@22.10.5"
          ]
        }
      },
      "e2e/shared-server": {
        "packageJson": {
          "dependencies": [
            "npm:@whatwg-node/fetch@0.10.1",
            "npm:@whatwg-node/server@0.9.65"
          ]
        }
      },
      "e2e/vercel": {
        "packageJson": {
          "dependencies": [
            "npm:@e2e/shared-scripts@0.0.0",
            "npm:@e2e/shared-server@0.0.126",
            "npm:@pulumi/pulumi@3.144.1",
            "npm:@types/react@19.0.2",
            "npm:encoding@0.1.13",
            "npm:esbuild@0.24.2",
            "npm:eslint-config-next@15.1.3",
            "npm:eslint@9.17.0",
            "npm:next@15.1.3",
            "npm:react-dom@19.0.0",
            "npm:react@19.0.0",
            "npm:ts-node@10.9.2",
            "npm:tsconfig-paths@4.2.0",
            "npm:typescript@5.7.2"
          ]
        }
      },
      "packages/cookie-store": {
        "packageJson": {
          "dependencies": [
            "npm:tslib@^2.6.3"
          ]
        }
      },
      "packages/disposablestack": {
        "packageJson": {
          "dependencies": [
            "npm:tslib@^2.6.3"
          ]
        }
      },
      "packages/events": {
        "packageJson": {
          "dependencies": [
            "npm:tslib@^2.6.3"
          ]
        }
      },
      "packages/fetch": {
        "packageJson": {
          "dependencies": [
            "npm:@whatwg-node/node-fetch@~0.7.5",
            "npm:urlpattern-polyfill@10"
          ]
        }
      },
      "packages/fetchache": {
        "packageJson": {
          "dependencies": [
            "npm:@types/http-cache-semantics@4.0.4",
            "npm:http-cache-semantics@^4.1.0",
            "npm:tslib@^2.6.3"
          ]
        }
      },
      "packages/node-fetch": {
        "packageJson": {
          "dependencies": [
            "npm:@types/busboy@1.5.4",
            "npm:@types/pem@^1.14.0",
            "npm:@whatwg-node/disposablestack@^0.0.5",
            "npm:busboy@^1.6.0",
            "npm:pem@^1.14.8",
            "npm:tslib@^2.6.3"
          ]
        }
      },
      "packages/server": {
        "packageJson": {
          "dependencies": [
            "npm:@hapi/hapi@^21.3.12",
            "npm:@types/express@5.0.0",
            "npm:@types/koa@^2.15.0",
            "npm:@types/node@22.10.5",
            "npm:@whatwg-node/disposablestack@^0.0.5",
            "npm:@whatwg-node/fetch@0.10",
            "npm:express@4.21.2",
            "npm:fastify@5.2.1",
            "npm:koa@^2.15.3",
            "npm:react-dom@19.0.0",
            "npm:react@19.0.0",
            "npm:tslib@^2.6.3"
          ]
        }
      },
      "packages/server-plugin-cookies": {
        "packageJson": {
          "dependencies": [
            "npm:@whatwg-node/cookie-store@0.2.2",
            "npm:tslib@^2.6.3"
          ]
        }
      }
    }
  }
}
